{
    "apy/breadcrumbtrail-bundle": {
        "version": "v1.6.0"
    },
    "behat/transliterator": {
        "version": "v1.3.0"
    },
    "egulias/email-validator": {
        "version": "2.1.21"
    },
    "gedmo/doctrine-extensions": {
        "version": "v3.0.0"
    },
    "liip/test-fixtures-bundle": {
        "version": "1.9.1"
    },
    "mikehaertl/php-pdftk": {
        "version": "0.9.1"
    },
    "mikehaertl/php-shellcommand": {
        "version": "1.6.2"
    },
    "mikehaertl/php-tmpfile": {
        "version": "1.1.6"
    },
    "php": {
        "version": "7.4"
    },
    "phpdocumentor/reflection-common": {
        "version": "2.2.0"
    },
    "phpdocumentor/reflection-docblock": {
        "version": "5.2.2"
    },
    "phpdocumentor/type-resolver": {
        "version": "1.4.0"
    },
    "stof/doctrine-extensions-bundle": {
        "version": "1.2",
        "recipe": {
            "repo": "github.com/symfony/recipes-contrib",
            "branch": "master",
            "version": "1.2",
            "ref": "6c1ceb662f8997085f739cd089bfbef67f245983"
        },
        "files": [
            "config/packages/stof_doctrine_extensions.yaml"
        ]
    },
    "swiftmailer/swiftmailer": {
        "version": "v6.2.3"
    },
    "symfony/amqp-messenger": {
        "version": "v5.1.8"
    },
    "symfony/browser-kit": {
        "version": "v5.1.5"
    },
    "symfony/css-selector": {
        "version": "v5.1.5"
    },
    "symfony/doctrine-messenger": {
        "version": "v5.1.8"
    },
    "symfony/dom-crawler": {
        "version": "v5.1.5"
    },
    "symfony/http-client-contracts": {
        "version": "v2.3.1"
    },
    "symfony/messenger": {
        "version": "4.3",
        "recipe": {
            "repo": "github.com/symfony/recipes",
            "branch": "master",
            "version": "4.3",
            "ref": "8a2675c061737658bed85102e9241c752620e575"
        },
        "files": [
            "config/packages/messenger.yaml"
        ]
    },
    "symfony/mime": {
        "version": "v5.1.7"
    },
    "symfony/polyfill-intl-idn": {
        "version": "v1.18.1"
    },
    "symfony/redis-messenger": {
        "version": "v5.1.8"
    },
    "symfony/serializer": {
        "version": "v5.1.7"
    },
    "symfony/serializer-pack": {
        "version": "v1.0.3"
    },
    "symfony/swiftmailer-bundle": {
        "version": "2.5",
        "recipe": {
            "repo": "github.com/symfony/recipes",
            "branch": "master",
            "version": "2.5",
            "ref": "ae4d22af30bbd484506bc1817c5a3ef72c855b93"
        },
        "files": [
            "config/packages/dev/swiftmailer.yaml",
            "config/packages/swiftmailer.yaml",
            "config/packages/test/swiftmailer.yaml"
        ]
    },
    "webmozart/assert": {
        "version": "1.9.1"
    }
}
